<?xml version="1.0" encoding="utf-8"?>
<Project ToolsVersion="4.0" xmlns="http://schemas.microsoft.com/developer/msbuild/2003">
  <ItemGroup>
    <Filter Include="Source Files">
      <UniqueIdentifier>8B9E31CA-D932-41B0-40A7-E45105AF781A</UniqueIdentifier>
      <Extensions>c;cc;def;odl;idl;hpj;bat;asm;asmx</Extensions>
    </Filter>
    <Filter Include="Header Files">
      <UniqueIdentifier>05E7987C-638C-51B0-E8A0-01345ABA0CD8</UniqueIdentifier>
      <Extensions>h;hm;inl;inc;xsd</Extensions>
    </Filter>
    <Filter Include="Resource Files">
      <UniqueIdentifier>390D2423-0847-2820-4F4F-2E332A360AF5</UniqueIdentifier>
      <Extensions>rc;ico;cur;bmp;dlg;rc2;rct;bin;rgs;gif;jpg;jpeg;jpe;resx;tiff;tif;png;wav</Extensions>
    </Filter>
    <Filter Include="Build Files">
      <UniqueIdentifier>0DB32DFF-FCF0-D16A-362D-57893DBD832B</UniqueIdentifier>
      <Extensions>mk</Extensions>
    </Filter>
  </ItemGroup>
  <ItemGroup>
    <ClCompile Include="..\src\postproc.c">
      <Filter>Source Files</Filter>
    </ClCompile>
  </ItemGroup>
  <ItemGroup>
    <None Include="..\src\examples.mk">
      <Filter>Build Files</Filter>
    </None>
  </ItemGroup>
</Project>