Microsoft Visual Studio Solution File, Format Version 9.00
# Visual Studio 2005
Project("{8BC9CEB8-8B4A-11D0-8D11-00A0C91BC942}") = "gsm", "GSM.vcproj", "{18B89893-F4A4-44C3-9D20-6EEA3609B7F0}"
EndProject
Global
	GlobalSection(SolutionConfigurationPlatforms) = preSolution
		Debug|Win32 = Debug|Win32
		No Crypto Release|Win32 = No Crypto Release|Win32
		Release|Win32 = Release|Win32
	EndGlobalSection
	GlobalSection(ProjectConfigurationPlatforms) = postSolution
		{18B89893-F4A4-44C3-9D20-6EEA3609B7F0}.Debug|Win32.ActiveCfg = Debug|Win32
		{18B89893-F4A4-44C3-9D20-6EEA3609B7F0}.Debug|Win32.Build.0 = Debug|Win32
		{18B89893-F4A4-44C3-9D20-6EEA3609B7F0}.No Crypto Release|Win32.ActiveCfg = No Crypto Release|Win32
		{18B89893-F4A4-44C3-9D20-6EEA3609B7F0}.No Crypto Release|Win32.Build.0 = No Crypto Release|Win32
		{18B89893-F4A4-44C3-9D20-6EEA3609B7F0}.Release|Win32.ActiveCfg = Release|Win32
		{18B89893-F4A4-44C3-9D20-6EEA3609B7F0}.Release|Win32.Build.0 = Release|Win32
	EndGlobalSection
	GlobalSection(SolutionProperties) = preSolution
		HideSolutionNode = FALSE
	EndGlobalSection
EndGlobal
