<?xml version="1.0" encoding="utf-8"?>
<Project ToolsVersion="4.0" xmlns="http://schemas.microsoft.com/developer/msbuild/2003">
  <ItemGroup>
    <Filter Include="Source Files">
      <UniqueIdentifier>{18c76945-a68d-494e-8032-36d32768b4f9}</UniqueIdentifier>
      <Extensions>cpp;c;cxx;rc;def;r;odl;hpj;bat;for;f90</Extensions>
    </Filter>
    <Filter Include="Header Files">
      <UniqueIdentifier>{a43e5356-a287-4f63-975c-27421b614918}</UniqueIdentifier>
      <Extensions>h;hpp;hxx;hm;inl;fi;fd</Extensions>
    </Filter>
    <Filter Include="Resource Files">
      <UniqueIdentifier>{26acbc74-52b7-4953-b4a1-6685d84a2d4f}</UniqueIdentifier>
      <Extensions>ico;cur;bmp;dlg;rc2;rct;bin;cnt;rtf;gif;jpg;jpeg;jpe</Extensions>
    </Filter>
  </ItemGroup>
  <ItemGroup>
    <ClInclude Include="..\src\configtemplate.h">
      <Filter>Source Files</Filter>
    </ClInclude>
    <ClInclude Include="..\src\filterkit.h">
      <Filter>Source Files</Filter>
    </ClInclude>
    <ClInclude Include="..\src\resample_defs.h">
      <Filter>Source Files</Filter>
    </ClInclude>
    <ClInclude Include="..\include\libresample.h">
      <Filter>Header Files</Filter>
    </ClInclude>
  </ItemGroup>
  <ItemGroup>
    <ClCompile Include="..\src\filterkit.c">
      <Filter>Source Files</Filter>
    </ClCompile>
    <ClCompile Include="..\src\resample.c">
      <Filter>Source Files</Filter>
    </ClCompile>
    <ClCompile Include="..\src\resamplesubs.c">
      <Filter>Source Files</Filter>
    </ClCompile>
  </ItemGroup>
</Project>