<?xml version="1.0" encoding="utf-8"?>
<Project ToolsVersion="4.0" xmlns="http://schemas.microsoft.com/developer/msbuild/2003">
  <ItemGroup>
    <Filter Include="Source Files">
      <UniqueIdentifier>EC902E0D-FC3A-408F-D92E-92F6CAE2D941</UniqueIdentifier>
      <Extensions>c;cc;def;odl;idl;hpj;bat;asm;asmx</Extensions>
    </Filter>
    <Filter Include="Header Files">
      <UniqueIdentifier>AB354073-9F6E-E2CE-7352-8C9DC54D7C60</UniqueIdentifier>
      <Extensions>h;hm;inl;inc;xsd</Extensions>
    </Filter>
    <Filter Include="Resource Files">
      <UniqueIdentifier>9676D47B-AF2C-E82A-C8B0-3DE6EF01E3A5</UniqueIdentifier>
      <Extensions>rc;ico;cur;bmp;dlg;rc2;rct;bin;rgs;gif;jpg;jpeg;jpe;resx;tiff;tif;png;wav</Extensions>
    </Filter>
    <Filter Include="Build Files">
      <UniqueIdentifier>40304369-2145-821A-642B-63145B83CBEE</UniqueIdentifier>
      <Extensions>mk</Extensions>
    </Filter>
  </ItemGroup>
  <ItemGroup>
    <ClCompile Include="..\src\md5_utils.c">
      <Filter>Source Files</Filter>
    </ClCompile>
    <ClCompile Include="..\src\decode_to_md5.c">
      <Filter>Source Files</Filter>
    </ClCompile>
  </ItemGroup>
  <ItemGroup>
    <ClInclude Include="..\src\md5_utils.h">
      <Filter>Header Files</Filter>
    </ClInclude>
  </ItemGroup>
  <ItemGroup>
    <None Include="..\src\examples.mk">
      <Filter>Build Files</Filter>
    </None>
  </ItemGroup>
</Project>