<?xml version="1.0" encoding="utf-8"?>
<Project ToolsVersion="4.0" xmlns="http://schemas.microsoft.com/developer/msbuild/2003">
  <ItemGroup>
    <Filter Include="Source Files">
      <UniqueIdentifier>16215820-A6A2-81BF-534E-51E01E1A32E0</UniqueIdentifier>
      <Extensions>c;cc;def;odl;idl;hpj;bat;asm;asmx</Extensions>
    </Filter>
    <Filter Include="Header Files">
      <UniqueIdentifier>4CBF2EA6-F78E-8177-DC15-6313E8D184A6</UniqueIdentifier>
      <Extensions>h;hm;inl;inc;xsd</Extensions>
    </Filter>
    <Filter Include="Resource Files">
      <UniqueIdentifier>FFE2A041-FA8B-B84B-E0F9-962D867405C2</UniqueIdentifier>
      <Extensions>rc;ico;cur;bmp;dlg;rc2;rct;bin;rgs;gif;jpg;jpeg;jpe;resx;tiff;tif;png;wav</Extensions>
    </Filter>
    <Filter Include="Build Files">
      <UniqueIdentifier>B609CB01-8C7C-2802-0705-C071BF3DE778</UniqueIdentifier>
      <Extensions>mk</Extensions>
    </Filter>
  </ItemGroup>
  <ItemGroup>
    <ClCompile Include="..\src\vp8cx_set_ref.c">
      <Filter>Source Files</Filter>
    </ClCompile>
  </ItemGroup>
  <ItemGroup>
    <None Include="..\src\examples.mk">
      <Filter>Build Files</Filter>
    </None>
  </ItemGroup>
</Project>