<?xml version="1.0" encoding="utf-8"?>
<Project ToolsVersion="4.0" xmlns="http://schemas.microsoft.com/developer/msbuild/2003">
  <ItemGroup>
    <Filter Include="Source Files">
      <UniqueIdentifier>7485F20A-D843-28C3-70CD-2E5238A5F7B7</UniqueIdentifier>
      <Extensions>c;cc;def;odl;idl;hpj;bat;asm;asmx</Extensions>
    </Filter>
    <Filter Include="Header Files">
      <UniqueIdentifier>BA77643A-2331-7979-E059-DB1AB43516DB</UniqueIdentifier>
      <Extensions>h;hm;inl;inc;xsd</Extensions>
    </Filter>
    <Filter Include="Resource Files">
      <UniqueIdentifier>A54754FC-3B7A-6C8C-1166-A5E825E0A948</UniqueIdentifier>
      <Extensions>rc;ico;cur;bmp;dlg;rc2;rct;bin;rgs;gif;jpg;jpeg;jpe;resx;tiff;tif;png;wav</Extensions>
    </Filter>
    <Filter Include="Build Files">
      <UniqueIdentifier>259D1C12-E0F6-7A81-DB63-BF81488F30D4</UniqueIdentifier>
      <Extensions>mk</Extensions>
    </Filter>
  </ItemGroup>
  <ItemGroup>
    <ClCompile Include="..\src\args.c">
      <Filter>Source Files</Filter>
    </ClCompile>
    <ClCompile Include="..\src\y4minput.c">
      <Filter>Source Files</Filter>
    </ClCompile>
    <ClCompile Include="..\src\tools_common.c">
      <Filter>Source Files</Filter>
    </ClCompile>
    <ClCompile Include="..\src\libmkv\EbmlWriter.c">
      <Filter>Source Files</Filter>
    </ClCompile>
    <ClCompile Include="..\src\vpxenc.c">
      <Filter>Source Files</Filter>
    </ClCompile>
  </ItemGroup>
  <ItemGroup>
    <ClInclude Include="..\src\args.h">
      <Filter>Header Files</Filter>
    </ClInclude>
    <ClInclude Include="..\src\y4minput.h">
      <Filter>Header Files</Filter>
    </ClInclude>
    <ClInclude Include="..\src\tools_common.h">
      <Filter>Header Files</Filter>
    </ClInclude>
    <ClInclude Include="..\src\vpx_ports\mem_ops.h">
      <Filter>Header Files</Filter>
    </ClInclude>
    <ClInclude Include="..\src\vpx_ports\mem_ops_aligned.h">
      <Filter>Header Files</Filter>
    </ClInclude>
    <ClInclude Include="..\src\vpx_ports\vpx_timer.h">
      <Filter>Header Files</Filter>
    </ClInclude>
    <ClInclude Include="..\src\libmkv\EbmlIDs.h">
      <Filter>Header Files</Filter>
    </ClInclude>
    <ClInclude Include="..\src\libmkv\EbmlWriter.h">
      <Filter>Header Files</Filter>
    </ClInclude>
  </ItemGroup>
  <ItemGroup>
    <None Include="..\src\examples.mk">
      <Filter>Build Files</Filter>
    </None>
  </ItemGroup>
</Project>